{
  "version": 4,
  "terraform_version": "1.10.4",
  "serial": 4,
  "lineage": "1bc3adb4-b075-b0eb-b6eb-51aeb930202a",
  "outputs": {
    "repo_url": {
      "value": "git://github.com/Olgoetz/CraftTech.git",
      "type": "string"
    }
  },
  "resources": [
    {
      "mode": "managed",
      "type": "github_branch",
      "name": "prod",
      "provider": "provider[\"registry.terraform.io/integrations/github\"]",
      "instances": [
        {
          "schema_version": 0,
          "attributes": {
            "branch": "prod",
            "etag": "W/\"bf98df023f69ff0526f25d77707dc1bbed8289d8bbbf09648ba55d282ce9ffe8\"",
            "id": "CraftTech:prod",
            "ref": "refs/heads/prod",
            "repository": "CraftTech",
            "sha": "170d66d564f117c0cbe4ff24c5646a6a15992fea",
            "source_branch": "main",
            "source_sha": "170d66d564f117c0cbe4ff24c5646a6a15992fea"
          },
          "sensitive_attributes": [],
          "private": "bnVsbA==",
          "dependencies": [
            "github_repository.crafttech"
          ]
        }
      ]
    },
    {
      "mode": "managed",
      "type": "github_repository",
      "name": "crafttech",
      "provider": "provider[\"registry.terraform.io/integrations/github\"]",
      "instances": [
        {
          "schema_version": 1,
          "attributes": {
            "allow_auto_merge": false,
            "allow_merge_commit": true,
            "allow_rebase_merge": true,
            "allow_squash_merge": true,
            "allow_update_branch": false,
            "archive_on_destroy": null,
            "archived": false,
            "auto_init": true,
            "default_branch": "main",
            "delete_branch_on_merge": false,
            "description": "Codebase for CraftTech",
            "etag": "W/\"ad7a3beacab448f1189a404f7b971abc7bbaec013bbe03c3719308ca04f43af6\"",
            "full_name": "Olgoetz/CraftTech",
            "git_clone_url": "git://github.com/Olgoetz/CraftTech.git",
            "gitignore_template": null,
            "has_discussions": false,
            "has_downloads": false,
            "has_issues": false,
            "has_projects": false,
            "has_wiki": false,
            "homepage_url": "",
            "html_url": "https://github.com/Olgoetz/CraftTech",
            "http_clone_url": "https://github.com/Olgoetz/CraftTech.git",
            "id": "CraftTech",
            "ignore_vulnerability_alerts_during_read": null,
            "is_template": false,
            "license_template": null,
            "merge_commit_message": "PR_TITLE",
            "merge_commit_title": "MERGE_MESSAGE",
            "name": "CraftTech",
            "node_id": "R_kgDONqlzww",
            "pages": [],
            "primary_language": "",
            "private": false,
            "repo_id": 917074883,
            "security_and_analysis": [
              {
                "advanced_security": [],
                "secret_scanning": [
                  {
                    "status": "enabled"
                  }
                ],
                "secret_scanning_push_protection": [
                  {
                    "status": "enabled"
                  }
                ]
              }
            ],
            "squash_merge_commit_message": "COMMIT_MESSAGES",
            "squash_merge_commit_title": "COMMIT_OR_PR_TITLE",
            "ssh_clone_url": "git@github.com:Olgoetz/CraftTech.git",
            "svn_url": "https://github.com/Olgoetz/CraftTech",
            "template": [],
            "topics": [],
            "visibility": "public",
            "vulnerability_alerts": false,
            "web_commit_signoff_required": false
          },
          "sensitive_attributes": [],
          "private": "eyJzY2hlbWFfdmVyc2lvbiI6IjEifQ=="
        }
      ]
    },
    {
      "mode": "managed",
      "type": "vercel_project",
      "name": "crafttech",
      "provider": "provider[\"registry.terraform.io/vercel/vercel\"]",
      "instances": [
        {
          "schema_version": 0,
          "attributes": {
            "auto_assign_custom_domains": true,
            "automatically_expose_system_environment_variables": false,
            "build_command": null,
            "customer_success_code_visibility": false,
            "dev_command": null,
            "directory_listing": false,
            "environment": null,
            "framework": "nextjs",
            "function_failover": false,
            "git_comments": null,
            "git_fork_protection": true,
            "git_lfs": false,
            "git_repository": {
              "deploy_hooks": null,
              "production_branch": "prod",
              "repo": "Olgoetz/CraftTech",
              "type": "github"
            },
            "id": "prj_6eXmvUOII1GkjwkHH4YpBd0CQyCl",
            "ignore_command": null,
            "install_command": null,
            "name": "crafttech",
            "oidc_token_config": {
              "enabled": false
            },
            "options_allowlist": null,
            "output_directory": null,
            "password_protection": null,
            "preview_comments": null,
            "prioritise_production_builds": false,
            "protection_bypass_for_automation": null,
            "protection_bypass_for_automation_secret": null,
            "public_source": null,
            "resource_config": {
              "function_default_cpu_type": null,
              "function_default_timeout": null
            },
            "root_directory": null,
            "serverless_function_region": "fra1",
            "skew_protection": null,
            "team_id": null,
            "trusted_ips": null,
            "vercel_authentication": {
              "deployment_type": "none"
            }
          },
          "sensitive_attributes": [],
          "dependencies": [
            "github_repository.crafttech"
          ]
        }
      ]
    }
  ],
  "check_results": null
}
